
Microsoft Visual Studio Solution File, Format Version 12.00
# Visual Studio Version 17
VisualStudioVersion = 17.10.34916.146
MinimumVisualStudioVersion = 10.0.40219.1
Project("{FAE04EC0-301F-11D3-BF4B-00C04F79EFBC}") = "HW_SP_7.6", "HW_SP_7.6.csproj", "{BF73A7E4-0AB0-45ED-B2BF-08ED5A982883}"
EndProject
Global
	GlobalSection(SolutionConfigurationPlatforms) = preSolution
		Debug|Any CPU = Debug|Any CPU
		Release|Any CPU = Release|Any CPU
	EndGlobalSection
	GlobalSection(ProjectConfigurationPlatforms) = postSolution
		{BF73A7E4-0AB0-45ED-B2BF-08ED5A982883}.Debug|Any CPU.ActiveCfg = Debug|Any CPU
		{BF73A7E4-0AB0-45ED-B2BF-08ED5A982883}.Debug|Any CPU.Build.0 = Debug|Any CPU
		{BF73A7E4-0AB0-45ED-B2BF-08ED5A982883}.Release|Any CPU.ActiveCfg = Release|Any CPU
		{BF73A7E4-0AB0-45ED-B2BF-08ED5A982883}.Release|Any CPU.Build.0 = Release|Any CPU
	EndGlobalSection
	GlobalSection(SolutionProperties) = preSolution
		HideSolutionNode = FALSE
	EndGlobalSection
	GlobalSection(ExtensibilityGlobals) = postSolution
		SolutionGuid = {F6035F4E-226D-49B1-AB7A-EB0F62D94E11}
	EndGlobalSection
EndGlobal
